{
  "version": 4,
  "terraform_version": "1.7.3",
  "serial": 206,
  "lineage": "524d40b2-4a6e-53cf-2cbd-26accab13e30",
  "outputs": {
    "execute_this_to_access_the_bastion_host": {
      "value": "ssh ec2-user@54.73.144.82 -i cert.pem",
      "type": "string"
    },
    "spark_arn": {
      "value": "arn:aws:emr-serverless:eu-west-1:533267425849:/applications/00fhjg68d78lq70p",
      "type": "string"
    },
    "spark_id": {
      "value": "00fhjg68d78lq70p",
      "type": "string"
    }
  },
  "resources": [
    {
      "mode": "data",
      "type": "aws_ami",
      "name": "amazon_linux_2023",
      "provider": "provider[\"registry.terraform.io/hashicorp/aws\"]",
      "instances": [
        {
          "schema_version": 0,
          "attributes": {
            "architecture": "x86_64",
            "arn": "arn:aws:ec2:eu-west-1::image/ami-01e6513ead8acfc2e",
            "block_device_mappings": [
              {
                "device_name": "/dev/xvda",
                "ebs": {
                  "delete_on_termination": "true",
                  "encrypted": "false",
                  "iops": "3000",
                  "snapshot_id": "snap-02cbf1e1bd167e775",
                  "throughput": "125",
                  "volume_size": "8",
                  "volume_type": "gp3"
                },
                "no_device": "",
                "virtual_name": ""
              }
            ],
            "boot_mode": "uefi-preferred",
            "creation_date": "2024-03-01T22:39:15.000Z",
            "deprecation_time": "2024-05-30T22:39:00.000Z",
            "description": "Amazon Linux 2023 AMI 2023.3.20240304.0 x86_64 Minimal HVM kernel-6.1",
            "ena_support": true,
            "executable_users": null,
            "filter": [
              {
                "name": "architecture",
                "values": [
                  "x86_64"
                ]
              },
              {
                "name": "name",
                "values": [
                  "al2023-ami-*"
                ]
              },
              {
                "name": "owner-alias",
                "values": [
                  "amazon"
                ]
              }
            ],
            "hypervisor": "xen",
            "id": "ami-01e6513ead8acfc2e",
            "image_id": "ami-01e6513ead8acfc2e",
            "image_location": "amazon/al2023-ami-minimal-2023.3.20240304.0-kernel-6.1-x86_64",
            "image_owner_alias": "amazon",
            "image_type": "machine",
            "imds_support": "v2.0",
            "include_deprecated": false,
            "kernel_id": "",
            "most_recent": true,
            "name": "al2023-ami-minimal-2023.3.20240304.0-kernel-6.1-x86_64",
            "name_regex": null,
            "owner_id": "137112412989",
            "owners": [
              "amazon"
            ],
            "platform": "",
            "platform_details": "Linux/UNIX",
            "product_codes": [],
            "public": true,
            "ramdisk_id": "",
            "root_device_name": "/dev/xvda",
            "root_device_type": "ebs",
            "root_snapshot_id": "snap-02cbf1e1bd167e775",
            "sriov_net_support": "simple",
            "state": "available",
            "state_reason": {
              "code": "UNSET",
              "message": "UNSET"
            },
            "tags": {},
            "timeouts": null,
            "tpm_support": "",
            "usage_operation": "RunInstances",
            "virtualization_type": "hvm"
          },
          "sensitive_attributes": []
        }
      ]
    },
    {
      "mode": "data",
      "type": "aws_availability_zones",
      "name": "available",
      "provider": "provider[\"registry.terraform.io/hashicorp/aws\"]",
      "instances": [
        {
          "schema_version": 0,
          "attributes": {
            "all_availability_zones": null,
            "exclude_names": null,
            "exclude_zone_ids": null,
            "filter": null,
            "group_names": [
              "eu-west-1"
            ],
            "id": "eu-west-1",
            "names": [
              "eu-west-1a",
              "eu-west-1b",
              "eu-west-1c"
            ],
            "state": "available",
            "timeouts": null,
            "zone_ids": [
              "euw1-az1",
              "euw1-az2",
              "euw1-az3"
            ]
          },
          "sensitive_attributes": []
        }
      ]
    },
    {
      "mode": "data",
      "type": "aws_caller_identity",
      "name": "current",
      "provider": "provider[\"registry.terraform.io/hashicorp/aws\"]",
      "instances": [
        {
          "schema_version": 0,
          "attributes": {
            "account_id": "533267425849",
            "arn": "arn:aws:iam::533267425849:user/stream_dsti",
            "id": "533267425849",
            "user_id": "AIDAXYKJXFI4YY5EPYPM6"
          },
          "sensitive_attributes": []
        }
      ]
    },
    {
      "mode": "managed",
      "type": "aws_cloudwatch_log_group",
      "name": "kafka_log_group",
      "provider": "provider[\"registry.terraform.io/hashicorp/aws\"]",
      "instances": [
        {
          "schema_version": 0,
          "attributes": {
            "arn": "arn:aws:logs:eu-west-1:533267425849:log-group:kafka_broker_logs",
            "id": "kafka_broker_logs",
            "kms_key_id": "",
            "log_group_class": "STANDARD",
            "name": "kafka_broker_logs",
            "name_prefix": "",
            "retention_in_days": 0,
            "skip_destroy": false,
            "tags": null,
            "tags_all": {}
          },
          "sensitive_attributes": [],
          "private": "bnVsbA=="
        }
      ]
    },
    {
      "mode": "managed",
      "type": "aws_eip",
      "name": "default",
      "provider": "provider[\"registry.terraform.io/hashicorp/aws\"]",
      "instances": [
        {
          "schema_version": 0,
          "attributes": {
            "address": null,
            "allocation_id": "eipalloc-0530f1327a6accad1",
            "associate_with_private_ip": null,
            "association_id": "",
            "carrier_ip": "",
            "customer_owned_ip": "",
            "customer_owned_ipv4_pool": "",
            "domain": "vpc",
            "id": "eipalloc-0530f1327a6accad1",
            "instance": "",
            "network_border_group": "eu-west-1",
            "network_interface": "",
            "private_dns": null,
            "private_ip": "",
            "public_dns": "ec2-99-80-94-184.eu-west-1.compute.amazonaws.com",
            "public_ip": "99.80.94.184",
            "public_ipv4_pool": "amazon",
            "tags": null,
            "tags_all": {},
            "timeouts": null,
            "vpc": true
          },
          "sensitive_attributes": [],
          "private": "eyJlMmJmYjczMC1lY2FhLTExZTYtOGY4OC0zNDM2M2JjN2M0YzAiOnsiZGVsZXRlIjoxODAwMDAwMDAwMDAsInJlYWQiOjkwMDAwMDAwMDAwMCwidXBkYXRlIjozMDAwMDAwMDAwMDB9fQ==",
          "dependencies": [
            "aws_internet_gateway.default",
            "aws_vpc.default"
          ]
        }
      ]
    },
    {
      "mode": "managed",
      "type": "aws_instance",
      "name": "bastion_host",
      "provider": "provider[\"registry.terraform.io/hashicorp/aws\"]",
      "instances": [
        {
          "schema_version": 1,
          "attributes": {
            "ami": "ami-01e6513ead8acfc2e",
            "arn": "arn:aws:ec2:eu-west-1:533267425849:instance/i-0dd783fd4e6ed0388",
            "associate_public_ip_address": true,
            "availability_zone": "eu-west-1a",
            "capacity_reservation_specification": [
              {
                "capacity_reservation_preference": "open",
                "capacity_reservation_target": []
              }
            ],
            "cpu_core_count": 1,
            "cpu_options": [
              {
                "amd_sev_snp": "",
                "core_count": 1,
                "threads_per_core": 1
              }
            ],
            "cpu_threads_per_core": 1,
            "credit_specification": [
              {
                "cpu_credits": "standard"
              }
            ],
            "disable_api_stop": false,
            "disable_api_termination": false,
            "ebs_block_device": [],
            "ebs_optimized": false,
            "enclave_options": [
              {
                "enabled": false
              }
            ],
            "ephemeral_block_device": [],
            "get_password_data": false,
            "hibernation": false,
            "host_id": "",
            "host_resource_group_arn": null,
            "iam_instance_profile": "",
            "id": "i-0dd783fd4e6ed0388",
            "instance_initiated_shutdown_behavior": "stop",
            "instance_lifecycle": "",
            "instance_market_options": [],
            "instance_state": "running",
            "instance_type": "t2.micro",
            "ipv6_address_count": 0,
            "ipv6_addresses": [],
            "key_name": "group-msk",
            "launch_template": [],
            "maintenance_options": [
              {
                "auto_recovery": "default"
              }
            ],
            "metadata_options": [
              {
                "http_endpoint": "enabled",
                "http_protocol_ipv6": "disabled",
                "http_put_response_hop_limit": 2,
                "http_tokens": "required",
                "instance_metadata_tags": "disabled"
              }
            ],
            "monitoring": false,
            "network_interface": [],
            "outpost_arn": "",
            "password_data": "",
            "placement_group": "",
            "placement_partition_number": 0,
            "primary_network_interface_id": "eni-01b761d3d3b1ba055",
            "private_dns": "ip-10-0-4-53.eu-west-1.compute.internal",
            "private_dns_name_options": [
              {
                "enable_resource_name_dns_a_record": false,
                "enable_resource_name_dns_aaaa_record": false,
                "hostname_type": "ip-name"
              }
            ],
            "private_ip": "10.0.4.53",
            "public_dns": "ec2-54-73-144-82.eu-west-1.compute.amazonaws.com",
            "public_ip": "54.73.144.82",
            "root_block_device": [
              {
                "delete_on_termination": true,
                "device_name": "/dev/xvda",
                "encrypted": false,
                "iops": 300,
                "kms_key_id": "",
                "tags": null,
                "tags_all": {},
                "throughput": 0,
                "volume_id": "vol-026175494f544e623",
                "volume_size": 100,
                "volume_type": "gp2"
              }
            ],
            "secondary_private_ips": [],
            "security_groups": [],
            "source_dest_check": true,
            "spot_instance_request_id": "",
            "subnet_id": "subnet-07eb636902e67570f",
            "tags": null,
            "tags_all": {},
            "tenancy": "default",
            "timeouts": null,
            "user_data": "eda97c33feb0d43e294e53dadd7c5779d786a12a",
            "user_data_base64": null,
            "user_data_replace_on_change": false,
            "volume_tags": null,
            "vpc_security_group_ids": [
              "sg-0b72971cf8169772a"
            ]
          },
          "sensitive_attributes": [],
          "private": "eyJlMmJmYjczMC1lY2FhLTExZTYtOGY4OC0zNDM2M2JjN2M0YzAiOnsiY3JlYXRlIjo2MDAwMDAwMDAwMDAsImRlbGV0ZSI6MTIwMDAwMDAwMDAwMCwicmVhZCI6OTAwMDAwMDAwMDAwLCJ1cGRhdGUiOjYwMDAwMDAwMDAwMH0sInNjaGVtYV92ZXJzaW9uIjoiMSJ9",
          "dependencies": [
            "aws_cloudwatch_log_group.kafka_log_group",
            "aws_key_pair.private_key",
            "aws_kms_key.kafka_kms_key",
            "aws_msk_cluster.kafka",
            "aws_msk_configuration.kafka_config",
            "aws_security_group.bastion_host",
            "aws_security_group.kafka",
            "aws_subnet.bastion_host_subnet",
            "aws_subnet.private_subnet",
            "aws_vpc.default",
            "data.aws_ami.amazon_linux_2023",
            "data.aws_availability_zones.available",
            "tls_private_key.private_key"
          ]
        }
      ]
    },
    {
      "mode": "managed",
      "type": "aws_internet_gateway",
      "name": "default",
      "provider": "provider[\"registry.terraform.io/hashicorp/aws\"]",
      "instances": [
        {
          "schema_version": 0,
          "attributes": {
            "arn": "arn:aws:ec2:eu-west-1:533267425849:internet-gateway/igw-09eab99069da3bc13",
            "id": "igw-09eab99069da3bc13",
            "owner_id": "533267425849",
            "tags": null,
            "tags_all": {},
            "timeouts": null,
            "vpc_id": "vpc-0c822fc1d87ef5a59"
          },
          "sensitive_attributes": [],
          "private": "eyJlMmJmYjczMC1lY2FhLTExZTYtOGY4OC0zNDM2M2JjN2M0YzAiOnsiY3JlYXRlIjoxMjAwMDAwMDAwMDAwLCJkZWxldGUiOjEyMDAwMDAwMDAwMDAsInVwZGF0ZSI6MTIwMDAwMDAwMDAwMH19",
          "dependencies": [
            "aws_vpc.default"
          ]
        }
      ]
    },
    {
      "mode": "managed",
      "type": "aws_key_pair",
      "name": "private_key",
      "provider": "provider[\"registry.terraform.io/hashicorp/aws\"]",
      "instances": [
        {
          "schema_version": 1,
          "attributes": {
            "arn": "arn:aws:ec2:eu-west-1:533267425849:key-pair/group-msk",
            "fingerprint": "49:83:fe:e5:54:dc:8c:19:46:db:6f:08:54:30:72:95",
            "id": "group-msk",
            "key_name": "group-msk",
            "key_name_prefix": "",
            "key_pair_id": "key-0c6eb62dfa5ce44d6",
            "key_type": "rsa",
            "public_key": "ssh-rsa AAAAB3NzaC1yc2EAAAADAQABAAACAQCwc7Ed65xaqiSWohgKYF3s9Shpko/4Sc+1uO9uPRc9WZ5yJ2+JjbUiNBI/+Ndy07hlRlsFhi30VeycCmXYq954MaNbXcbqZljtlgJmfYull78XTO4DrjKf1c/KpTBiNg5Oj64z8w/Mth9RQjJk1ArFt9L+VRgIHfrDh459XfCiaZ0FbWtJ0fm8Ow7+b06/1cRXL7tvKtPBsA9ScH2Ct81Ma7Yst4jqK0ZTPcsw0NxNqvGIr1GdWe2WePaWwkw8vkIKGLv/pu5sC8hHglwQfrcByL8+ST15Wl0j8BiLvVGZX06quYxQTatKioCf/rXC19U7fg8OOrI+a9e3Zhv9T2R6JmotEEZ+lpAHgWMxS3LRos/MlmEpRMtIzqMBv2WItq0btLQ4o7JoFYDjRWw3WgVUxWw67JMPE8volrjuYwtGJyFmy0U1UcMhr6WMWuSsU5kspelfAuXBGRBM2tv+/XAwmKzpGEXphg62Rfkhni4E45P4kgWaijRgorRorpTy7PN0GzDZCgc6kCnR4NOsopKCCIcakxIlAcRuyHaamhjPNwlXlKCsgwqHo6gsKAOIa83haS1QxMDNdeynKopY7jrEozEC+/KDSn3vg8Em7FTwJlWNFhz0OKuSVNNpjxA58CRqCjfvbVPkeqMNFsfEmH2HPfeFGkB+2JphHyxwTz+llQ==",
            "tags": null,
            "tags_all": {}
          },
          "sensitive_attributes": [],
          "private": "eyJzY2hlbWFfdmVyc2lvbiI6IjEifQ==",
          "dependencies": [
            "tls_private_key.private_key"
          ]
        }
      ]
    },
    {
      "mode": "managed",
      "type": "aws_kms_key",
      "name": "kafka_kms_key",
      "provider": "provider[\"registry.terraform.io/hashicorp/aws\"]",
      "instances": [
        {
          "schema_version": 0,
          "attributes": {
            "arn": "arn:aws:kms:eu-west-1:533267425849:key/ac67aa8b-7aa1-41de-bdb2-b74601369cfc",
            "bypass_policy_lockout_safety_check": false,
            "custom_key_store_id": "",
            "customer_master_key_spec": "SYMMETRIC_DEFAULT",
            "deletion_window_in_days": null,
            "description": "Key for Apache Kafka",
            "enable_key_rotation": false,
            "id": "ac67aa8b-7aa1-41de-bdb2-b74601369cfc",
            "is_enabled": true,
            "key_id": "ac67aa8b-7aa1-41de-bdb2-b74601369cfc",
            "key_usage": "ENCRYPT_DECRYPT",
            "multi_region": false,
            "policy": "{\"Id\":\"key-default-1\",\"Statement\":[{\"Action\":\"kms:*\",\"Effect\":\"Allow\",\"Principal\":{\"AWS\":\"arn:aws:iam::533267425849:root\"},\"Resource\":\"*\",\"Sid\":\"Enable IAM User Permissions\"}],\"Version\":\"2012-10-17\"}",
            "tags": null,
            "tags_all": {},
            "timeouts": null,
            "xks_key_id": ""
          },
          "sensitive_attributes": [],
          "private": "eyJlMmJmYjczMC1lY2FhLTExZTYtOGY4OC0zNDM2M2JjN2M0YzAiOnsiY3JlYXRlIjoxMjAwMDAwMDAwMDB9fQ=="
        }
      ]
    },
    {
      "mode": "managed",
      "type": "aws_msk_cluster",
      "name": "kafka",
      "provider": "provider[\"registry.terraform.io/hashicorp/aws\"]",
      "instances": [
        {
          "schema_version": 0,
          "attributes": {
            "arn": "arn:aws:kafka:eu-west-1:533267425849:cluster/group-msk/6c34f4f9-f928-4415-b08f-4c94482115bb-3",
            "bootstrap_brokers": "b-1.groupmsk.3ecnii.c3.kafka.eu-west-1.amazonaws.com:9092,b-2.groupmsk.3ecnii.c3.kafka.eu-west-1.amazonaws.com:9092,b-3.groupmsk.3ecnii.c3.kafka.eu-west-1.amazonaws.com:9092",
            "bootstrap_brokers_public_sasl_iam": "",
            "bootstrap_brokers_public_sasl_scram": "",
            "bootstrap_brokers_public_tls": "",
            "bootstrap_brokers_sasl_iam": "",
            "bootstrap_brokers_sasl_scram": "",
            "bootstrap_brokers_tls": "",
            "bootstrap_brokers_vpc_connectivity_sasl_iam": "",
            "bootstrap_brokers_vpc_connectivity_sasl_scram": "",
            "bootstrap_brokers_vpc_connectivity_tls": "",
            "broker_node_group_info": [
              {
                "az_distribution": "DEFAULT",
                "client_subnets": [
                  "subnet-0246064409734ef98",
                  "subnet-093265bc6b2c5d48c",
                  "subnet-0b30360bc2095a703"
                ],
                "connectivity_info": [
                  {
                    "public_access": [
                      {
                        "type": "DISABLED"
                      }
                    ],
                    "vpc_connectivity": [
                      {
                        "client_authentication": [
                          {
                            "sasl": [
                              {
                                "iam": false,
                                "scram": false
                              }
                            ],
                            "tls": false
                          }
                        ]
                      }
                    ]
                  }
                ],
                "instance_type": "kafka.m5.large",
                "security_groups": [
                  "sg-05660868fc164c425"
                ],
                "storage_info": [
                  {
                    "ebs_storage_info": [
                      {
                        "provisioned_throughput": [],
                        "volume_size": 1000
                      }
                    ]
                  }
                ]
              }
            ],
            "client_authentication": [],
            "cluster_name": "group-msk",
            "cluster_uuid": "6c34f4f9-f928-4415-b08f-4c94482115bb-3",
            "configuration_info": [
              {
                "arn": "arn:aws:kafka:eu-west-1:533267425849:configuration/group-msk-config/94fd3ff0-0879-4fd3-aff5-01bcfa4e77e8-3",
                "revision": 1
              }
            ],
            "current_version": "K3JWKAKR8XB7XF",
            "encryption_info": [
              {
                "encryption_at_rest_kms_key_arn": "arn:aws:kms:eu-west-1:533267425849:key/ac67aa8b-7aa1-41de-bdb2-b74601369cfc",
                "encryption_in_transit": [
                  {
                    "client_broker": "PLAINTEXT",
                    "in_cluster": true
                  }
                ]
              }
            ],
            "enhanced_monitoring": "DEFAULT",
            "id": "arn:aws:kafka:eu-west-1:533267425849:cluster/group-msk/6c34f4f9-f928-4415-b08f-4c94482115bb-3",
            "kafka_version": "3.4.0",
            "logging_info": [
              {
                "broker_logs": [
                  {
                    "cloudwatch_logs": [
                      {
                        "enabled": true,
                        "log_group": "kafka_broker_logs"
                      }
                    ],
                    "firehose": [],
                    "s3": []
                  }
                ]
              }
            ],
            "number_of_broker_nodes": 3,
            "open_monitoring": [
              {
                "prometheus": [
                  {
                    "jmx_exporter": [
                      {
                        "enabled_in_broker": true
                      }
                    ],
                    "node_exporter": [
                      {
                        "enabled_in_broker": true
                      }
                    ]
                  }
                ]
              }
            ],
            "storage_mode": "LOCAL",
            "tags": null,
            "tags_all": {},
            "timeouts": null,
            "zookeeper_connect_string": "z-1.groupmsk.3ecnii.c3.kafka.eu-west-1.amazonaws.com:2181,z-2.groupmsk.3ecnii.c3.kafka.eu-west-1.amazonaws.com:2181,z-3.groupmsk.3ecnii.c3.kafka.eu-west-1.amazonaws.com:2181",
            "zookeeper_connect_string_tls": "z-1.groupmsk.3ecnii.c3.kafka.eu-west-1.amazonaws.com:2182,z-2.groupmsk.3ecnii.c3.kafka.eu-west-1.amazonaws.com:2182,z-3.groupmsk.3ecnii.c3.kafka.eu-west-1.amazonaws.com:2182"
          },
          "sensitive_attributes": [],
          "private": "eyJlMmJmYjczMC1lY2FhLTExZTYtOGY4OC0zNDM2M2JjN2M0YzAiOnsiY3JlYXRlIjo3MjAwMDAwMDAwMDAwLCJkZWxldGUiOjcyMDAwMDAwMDAwMDAsInVwZGF0ZSI6NzIwMDAwMDAwMDAwMH19",
          "dependencies": [
            "aws_cloudwatch_log_group.kafka_log_group",
            "aws_kms_key.kafka_kms_key",
            "aws_msk_configuration.kafka_config",
            "aws_security_group.kafka",
            "aws_subnet.private_subnet",
            "aws_vpc.default",
            "data.aws_availability_zones.available"
          ]
        }
      ]
    },
    {
      "mode": "managed",
      "type": "aws_msk_configuration",
      "name": "kafka_config",
      "provider": "provider[\"registry.terraform.io/hashicorp/aws\"]",
      "instances": [
        {
          "schema_version": 0,
          "attributes": {
            "arn": "arn:aws:kafka:eu-west-1:533267425849:configuration/group-msk-config/94fd3ff0-0879-4fd3-aff5-01bcfa4e77e8-3",
            "description": "",
            "id": "arn:aws:kafka:eu-west-1:533267425849:configuration/group-msk-config/94fd3ff0-0879-4fd3-aff5-01bcfa4e77e8-3",
            "kafka_versions": [
              "3.4.0"
            ],
            "latest_revision": 1,
            "name": "group-msk-config",
            "server_properties": "auto.create.topics.enable = true\r\ndelete.topic.enable = true\r\n"
          },
          "sensitive_attributes": [],
          "private": "bnVsbA=="
        }
      ]
    },
    {
      "mode": "managed",
      "type": "aws_route",
      "name": "default",
      "provider": "provider[\"registry.terraform.io/hashicorp/aws\"]",
      "instances": [
        {
          "schema_version": 0,
          "attributes": {
            "carrier_gateway_id": "",
            "core_network_arn": "",
            "destination_cidr_block": "0.0.0.0/0",
            "destination_ipv6_cidr_block": "",
            "destination_prefix_list_id": "",
            "egress_only_gateway_id": "",
            "gateway_id": "igw-09eab99069da3bc13",
            "id": "r-rtb-0017a0683996dc7831080289494",
            "instance_id": "",
            "instance_owner_id": "",
            "local_gateway_id": "",
            "nat_gateway_id": "",
            "network_interface_id": "",
            "origin": "CreateRoute",
            "route_table_id": "rtb-0017a0683996dc783",
            "state": "active",
            "timeouts": null,
            "transit_gateway_id": "",
            "vpc_endpoint_id": "",
            "vpc_peering_connection_id": ""
          },
          "sensitive_attributes": [],
          "private": "eyJlMmJmYjczMC1lY2FhLTExZTYtOGY4OC0zNDM2M2JjN2M0YzAiOnsiY3JlYXRlIjozMDAwMDAwMDAwMDAsImRlbGV0ZSI6MzAwMDAwMDAwMDAwLCJ1cGRhdGUiOjEyMDAwMDAwMDAwMH19",
          "dependencies": [
            "aws_internet_gateway.default",
            "aws_vpc.default"
          ]
        }
      ]
    },
    {
      "mode": "managed",
      "type": "aws_route_table",
      "name": "private_route_table",
      "provider": "provider[\"registry.terraform.io/hashicorp/aws\"]",
      "instances": [
        {
          "schema_version": 0,
          "attributes": {
            "arn": "arn:aws:ec2:eu-west-1:533267425849:route-table/rtb-0e3fcbd61714a8763",
            "id": "rtb-0e3fcbd61714a8763",
            "owner_id": "533267425849",
            "propagating_vgws": [],
            "route": [],
            "tags": null,
            "tags_all": {},
            "timeouts": null,
            "vpc_id": "vpc-0c822fc1d87ef5a59"
          },
          "sensitive_attributes": [],
          "private": "eyJlMmJmYjczMC1lY2FhLTExZTYtOGY4OC0zNDM2M2JjN2M0YzAiOnsiY3JlYXRlIjozMDAwMDAwMDAwMDAsImRlbGV0ZSI6MzAwMDAwMDAwMDAwLCJ1cGRhdGUiOjEyMDAwMDAwMDAwMH19",
          "dependencies": [
            "aws_vpc.default"
          ]
        }
      ]
    },
    {
      "mode": "managed",
      "type": "aws_route_table_association",
      "name": "private_subnet_association",
      "provider": "provider[\"registry.terraform.io/hashicorp/aws\"]",
      "instances": [
        {
          "index_key": 0,
          "schema_version": 0,
          "attributes": {
            "gateway_id": "",
            "id": "rtbassoc-0e14f7e934ec421db",
            "route_table_id": "rtb-0e3fcbd61714a8763",
            "subnet_id": "subnet-0b30360bc2095a703",
            "timeouts": null
          },
          "sensitive_attributes": [],
          "private": "eyJlMmJmYjczMC1lY2FhLTExZTYtOGY4OC0zNDM2M2JjN2M0YzAiOnsiY3JlYXRlIjozMDAwMDAwMDAwMDAsImRlbGV0ZSI6MzAwMDAwMDAwMDAwLCJ1cGRhdGUiOjEyMDAwMDAwMDAwMH19",
          "dependencies": [
            "aws_route_table.private_route_table",
            "aws_subnet.private_subnet",
            "aws_vpc.default",
            "data.aws_availability_zones.available"
          ]
        },
        {
          "index_key": 1,
          "schema_version": 0,
          "attributes": {
            "gateway_id": "",
            "id": "rtbassoc-0531a0122ddc20afc",
            "route_table_id": "rtb-0e3fcbd61714a8763",
            "subnet_id": "subnet-093265bc6b2c5d48c",
            "timeouts": null
          },
          "sensitive_attributes": [],
          "private": "eyJlMmJmYjczMC1lY2FhLTExZTYtOGY4OC0zNDM2M2JjN2M0YzAiOnsiY3JlYXRlIjozMDAwMDAwMDAwMDAsImRlbGV0ZSI6MzAwMDAwMDAwMDAwLCJ1cGRhdGUiOjEyMDAwMDAwMDAwMH19",
          "dependencies": [
            "aws_route_table.private_route_table",
            "aws_subnet.private_subnet",
            "aws_vpc.default",
            "data.aws_availability_zones.available"
          ]
        },
        {
          "index_key": 2,
          "schema_version": 0,
          "attributes": {
            "gateway_id": "",
            "id": "rtbassoc-05b740fadea5b3b33",
            "route_table_id": "rtb-0e3fcbd61714a8763",
            "subnet_id": "subnet-0246064409734ef98",
            "timeouts": null
          },
          "sensitive_attributes": [],
          "private": "eyJlMmJmYjczMC1lY2FhLTExZTYtOGY4OC0zNDM2M2JjN2M0YzAiOnsiY3JlYXRlIjozMDAwMDAwMDAwMDAsImRlbGV0ZSI6MzAwMDAwMDAwMDAwLCJ1cGRhdGUiOjEyMDAwMDAwMDAwMH19",
          "dependencies": [
            "aws_route_table.private_route_table",
            "aws_subnet.private_subnet",
            "aws_vpc.default",
            "data.aws_availability_zones.available"
          ]
        }
      ]
    },
    {
      "mode": "managed",
      "type": "aws_s3_bucket",
      "name": "airquality-dsti",
      "provider": "provider[\"registry.terraform.io/hashicorp/aws\"]",
      "instances": [
        {
          "schema_version": 0,
          "attributes": {
            "acceleration_status": "",
            "acl": null,
            "arn": "arn:aws:s3:::airquality-dsti-bucket",
            "bucket": "airquality-dsti-bucket",
            "bucket_domain_name": "airquality-dsti-bucket.s3.amazonaws.com",
            "bucket_prefix": "",
            "bucket_regional_domain_name": "airquality-dsti-bucket.s3.eu-west-1.amazonaws.com",
            "cors_rule": [],
            "force_destroy": false,
            "grant": [
              {
                "id": "f21de9d40ad069a19da44140044b767f5d63981efb0508ca6e232a68ead75c16",
                "permissions": [
                  "FULL_CONTROL"
                ],
                "type": "CanonicalUser",
                "uri": ""
              }
            ],
            "hosted_zone_id": "Z1BKCTXD74EZPE",
            "id": "airquality-dsti-bucket",
            "lifecycle_rule": [],
            "logging": [],
            "object_lock_configuration": [],
            "object_lock_enabled": false,
            "policy": "",
            "region": "eu-west-1",
            "replication_configuration": [],
            "request_payer": "BucketOwner",
            "server_side_encryption_configuration": [
              {
                "rule": [
                  {
                    "apply_server_side_encryption_by_default": [
                      {
                        "kms_master_key_id": "",
                        "sse_algorithm": "AES256"
                      }
                    ],
                    "bucket_key_enabled": false
                  }
                ]
              }
            ],
            "tags": null,
            "tags_all": {},
            "timeouts": null,
            "versioning": [
              {
                "enabled": false,
                "mfa_delete": false
              }
            ],
            "website": [],
            "website_domain": null,
            "website_endpoint": null
          },
          "sensitive_attributes": [],
          "private": "eyJlMmJmYjczMC1lY2FhLTExZTYtOGY4OC0zNDM2M2JjN2M0YzAiOnsiY3JlYXRlIjoxMjAwMDAwMDAwMDAwLCJkZWxldGUiOjM2MDAwMDAwMDAwMDAsInJlYWQiOjEyMDAwMDAwMDAwMDAsInVwZGF0ZSI6MTIwMDAwMDAwMDAwMH19"
        }
      ]
    },
    {
      "mode": "managed",
      "type": "aws_s3_object",
      "name": "artifacts",
      "provider": "provider[\"registry.terraform.io/hashicorp/aws\"]",
      "instances": [
        {
          "schema_version": 0,
          "attributes": {
            "acl": null,
            "bucket": "airquality-dsti-bucket",
            "bucket_key_enabled": false,
            "cache_control": "",
            "checksum_algorithm": null,
            "checksum_crc32": "",
            "checksum_crc32c": "",
            "checksum_sha1": "",
            "checksum_sha256": "",
            "content": null,
            "content_base64": null,
            "content_disposition": "",
            "content_encoding": "",
            "content_language": "",
            "content_type": "application/octet-stream",
            "etag": "d41d8cd98f00b204e9800998ecf8427e",
            "force_destroy": false,
            "id": "artifacts/",
            "key": "artifacts/",
            "kms_key_id": null,
            "metadata": null,
            "object_lock_legal_hold_status": "",
            "object_lock_mode": "",
            "object_lock_retain_until_date": "",
            "override_provider": [],
            "server_side_encryption": "AES256",
            "source": null,
            "source_hash": null,
            "storage_class": "STANDARD",
            "tags": null,
            "tags_all": {},
            "version_id": "",
            "website_redirect": ""
          },
          "sensitive_attributes": [],
          "private": "bnVsbA==",
          "dependencies": [
            "aws_s3_bucket.airquality-dsti"
          ]
        }
      ]
    },
    {
      "mode": "managed",
      "type": "aws_s3_object",
      "name": "code",
      "provider": "provider[\"registry.terraform.io/hashicorp/aws\"]",
      "instances": [
        {
          "schema_version": 0,
          "attributes": {
            "acl": null,
            "bucket": "airquality-dsti-bucket",
            "bucket_key_enabled": false,
            "cache_control": "",
            "checksum_algorithm": null,
            "checksum_crc32": "",
            "checksum_crc32c": "",
            "checksum_sha1": "",
            "checksum_sha256": "",
            "content": null,
            "content_base64": null,
            "content_disposition": "",
            "content_encoding": "",
            "content_language": "",
            "content_type": "application/octet-stream",
            "etag": "d41d8cd98f00b204e9800998ecf8427e",
            "force_destroy": false,
            "id": "code/",
            "key": "code/",
            "kms_key_id": null,
            "metadata": null,
            "object_lock_legal_hold_status": "",
            "object_lock_mode": "",
            "object_lock_retain_until_date": "",
            "override_provider": [],
            "server_side_encryption": "AES256",
            "source": null,
            "source_hash": null,
            "storage_class": "STANDARD",
            "tags": null,
            "tags_all": {},
            "version_id": "",
            "website_redirect": ""
          },
          "sensitive_attributes": [],
          "private": "bnVsbA==",
          "dependencies": [
            "aws_s3_bucket.airquality-dsti"
          ]
        }
      ]
    },
    {
      "mode": "managed",
      "type": "aws_security_group",
      "name": "bastion_host",
      "provider": "provider[\"registry.terraform.io/hashicorp/aws\"]",
      "instances": [
        {
          "schema_version": 1,
          "attributes": {
            "arn": "arn:aws:ec2:eu-west-1:533267425849:security-group/sg-0b72971cf8169772a",
            "description": "Managed by Terraform",
            "egress": [
              {
                "cidr_blocks": [
                  "0.0.0.0/0"
                ],
                "description": "",
                "from_port": 0,
                "ipv6_cidr_blocks": [],
                "prefix_list_ids": [],
                "protocol": "-1",
                "security_groups": [],
                "self": false,
                "to_port": 0
              }
            ],
            "id": "sg-0b72971cf8169772a",
            "ingress": [
              {
                "cidr_blocks": [
                  "0.0.0.0/0"
                ],
                "description": "",
                "from_port": 22,
                "ipv6_cidr_blocks": [],
                "prefix_list_ids": [],
                "protocol": "tcp",
                "security_groups": [],
                "self": false,
                "to_port": 22
              }
            ],
            "name": "group-msk-bastion-host",
            "name_prefix": "",
            "owner_id": "533267425849",
            "revoke_rules_on_delete": false,
            "tags": null,
            "tags_all": {},
            "timeouts": null,
            "vpc_id": "vpc-0c822fc1d87ef5a59"
          },
          "sensitive_attributes": [],
          "private": "eyJlMmJmYjczMC1lY2FhLTExZTYtOGY4OC0zNDM2M2JjN2M0YzAiOnsiY3JlYXRlIjo2MDAwMDAwMDAwMDAsImRlbGV0ZSI6OTAwMDAwMDAwMDAwfSwic2NoZW1hX3ZlcnNpb24iOiIxIn0=",
          "dependencies": [
            "aws_vpc.default"
          ]
        }
      ]
    },
    {
      "mode": "managed",
      "type": "aws_security_group",
      "name": "kafka",
      "provider": "provider[\"registry.terraform.io/hashicorp/aws\"]",
      "instances": [
        {
          "schema_version": 1,
          "attributes": {
            "arn": "arn:aws:ec2:eu-west-1:533267425849:security-group/sg-05660868fc164c425",
            "description": "Managed by Terraform",
            "egress": [
              {
                "cidr_blocks": [
                  "0.0.0.0/0"
                ],
                "description": "",
                "from_port": 0,
                "ipv6_cidr_blocks": [],
                "prefix_list_ids": [],
                "protocol": "-1",
                "security_groups": [],
                "self": false,
                "to_port": 0
              }
            ],
            "id": "sg-05660868fc164c425",
            "ingress": [
              {
                "cidr_blocks": [
                  "10.0.1.0/24",
                  "10.0.2.0/24",
                  "10.0.3.0/24"
                ],
                "description": "",
                "from_port": 0,
                "ipv6_cidr_blocks": [],
                "prefix_list_ids": [],
                "protocol": "tcp",
                "security_groups": [],
                "self": false,
                "to_port": 9092
              },
              {
                "cidr_blocks": [
                  "10.0.4.0/24"
                ],
                "description": "",
                "from_port": 0,
                "ipv6_cidr_blocks": [],
                "prefix_list_ids": [],
                "protocol": "tcp",
                "security_groups": [],
                "self": false,
                "to_port": 9092
              }
            ],
            "name": "group-msk-kafka",
            "name_prefix": "",
            "owner_id": "533267425849",
            "revoke_rules_on_delete": false,
            "tags": null,
            "tags_all": {},
            "timeouts": null,
            "vpc_id": "vpc-0c822fc1d87ef5a59"
          },
          "sensitive_attributes": [],
          "private": "eyJlMmJmYjczMC1lY2FhLTExZTYtOGY4OC0zNDM2M2JjN2M0YzAiOnsiY3JlYXRlIjo2MDAwMDAwMDAwMDAsImRlbGV0ZSI6OTAwMDAwMDAwMDAwfSwic2NoZW1hX3ZlcnNpb24iOiIxIn0=",
          "dependencies": [
            "aws_vpc.default"
          ]
        }
      ]
    },
    {
      "mode": "managed",
      "type": "aws_subnet",
      "name": "bastion_host_subnet",
      "provider": "provider[\"registry.terraform.io/hashicorp/aws\"]",
      "instances": [
        {
          "schema_version": 1,
          "attributes": {
            "arn": "arn:aws:ec2:eu-west-1:533267425849:subnet/subnet-07eb636902e67570f",
            "assign_ipv6_address_on_creation": false,
            "availability_zone": "eu-west-1a",
            "availability_zone_id": "euw1-az1",
            "cidr_block": "10.0.4.0/24",
            "customer_owned_ipv4_pool": "",
            "enable_dns64": false,
            "enable_lni_at_device_index": 0,
            "enable_resource_name_dns_a_record_on_launch": false,
            "enable_resource_name_dns_aaaa_record_on_launch": false,
            "id": "subnet-07eb636902e67570f",
            "ipv6_cidr_block": "",
            "ipv6_cidr_block_association_id": "",
            "ipv6_native": false,
            "map_customer_owned_ip_on_launch": false,
            "map_public_ip_on_launch": true,
            "outpost_arn": "",
            "owner_id": "533267425849",
            "private_dns_hostname_type_on_launch": "ip-name",
            "tags": null,
            "tags_all": {},
            "timeouts": null,
            "vpc_id": "vpc-0c822fc1d87ef5a59"
          },
          "sensitive_attributes": [],
          "private": "eyJlMmJmYjczMC1lY2FhLTExZTYtOGY4OC0zNDM2M2JjN2M0YzAiOnsiY3JlYXRlIjo2MDAwMDAwMDAwMDAsImRlbGV0ZSI6MTIwMDAwMDAwMDAwMH0sInNjaGVtYV92ZXJzaW9uIjoiMSJ9",
          "dependencies": [
            "aws_vpc.default",
            "data.aws_availability_zones.available"
          ]
        }
      ]
    },
    {
      "mode": "managed",
      "type": "aws_subnet",
      "name": "private_subnet",
      "provider": "provider[\"registry.terraform.io/hashicorp/aws\"]",
      "instances": [
        {
          "index_key": 0,
          "schema_version": 1,
          "attributes": {
            "arn": "arn:aws:ec2:eu-west-1:533267425849:subnet/subnet-0b30360bc2095a703",
            "assign_ipv6_address_on_creation": false,
            "availability_zone": "eu-west-1a",
            "availability_zone_id": "euw1-az1",
            "cidr_block": "10.0.1.0/24",
            "customer_owned_ipv4_pool": "",
            "enable_dns64": false,
            "enable_lni_at_device_index": 0,
            "enable_resource_name_dns_a_record_on_launch": false,
            "enable_resource_name_dns_aaaa_record_on_launch": false,
            "id": "subnet-0b30360bc2095a703",
            "ipv6_cidr_block": "",
            "ipv6_cidr_block_association_id": "",
            "ipv6_native": false,
            "map_customer_owned_ip_on_launch": false,
            "map_public_ip_on_launch": false,
            "outpost_arn": "",
            "owner_id": "533267425849",
            "private_dns_hostname_type_on_launch": "ip-name",
            "tags": null,
            "tags_all": {},
            "timeouts": null,
            "vpc_id": "vpc-0c822fc1d87ef5a59"
          },
          "sensitive_attributes": [],
          "private": "eyJlMmJmYjczMC1lY2FhLTExZTYtOGY4OC0zNDM2M2JjN2M0YzAiOnsiY3JlYXRlIjo2MDAwMDAwMDAwMDAsImRlbGV0ZSI6MTIwMDAwMDAwMDAwMH0sInNjaGVtYV92ZXJzaW9uIjoiMSJ9",
          "dependencies": [
            "aws_vpc.default",
            "data.aws_availability_zones.available"
          ]
        },
        {
          "index_key": 1,
          "schema_version": 1,
          "attributes": {
            "arn": "arn:aws:ec2:eu-west-1:533267425849:subnet/subnet-093265bc6b2c5d48c",
            "assign_ipv6_address_on_creation": false,
            "availability_zone": "eu-west-1b",
            "availability_zone_id": "euw1-az2",
            "cidr_block": "10.0.2.0/24",
            "customer_owned_ipv4_pool": "",
            "enable_dns64": false,
            "enable_lni_at_device_index": 0,
            "enable_resource_name_dns_a_record_on_launch": false,
            "enable_resource_name_dns_aaaa_record_on_launch": false,
            "id": "subnet-093265bc6b2c5d48c",
            "ipv6_cidr_block": "",
            "ipv6_cidr_block_association_id": "",
            "ipv6_native": false,
            "map_customer_owned_ip_on_launch": false,
            "map_public_ip_on_launch": false,
            "outpost_arn": "",
            "owner_id": "533267425849",
            "private_dns_hostname_type_on_launch": "ip-name",
            "tags": null,
            "tags_all": {},
            "timeouts": null,
            "vpc_id": "vpc-0c822fc1d87ef5a59"
          },
          "sensitive_attributes": [],
          "private": "eyJlMmJmYjczMC1lY2FhLTExZTYtOGY4OC0zNDM2M2JjN2M0YzAiOnsiY3JlYXRlIjo2MDAwMDAwMDAwMDAsImRlbGV0ZSI6MTIwMDAwMDAwMDAwMH0sInNjaGVtYV92ZXJzaW9uIjoiMSJ9",
          "dependencies": [
            "aws_vpc.default",
            "data.aws_availability_zones.available"
          ]
        },
        {
          "index_key": 2,
          "schema_version": 1,
          "attributes": {
            "arn": "arn:aws:ec2:eu-west-1:533267425849:subnet/subnet-0246064409734ef98",
            "assign_ipv6_address_on_creation": false,
            "availability_zone": "eu-west-1c",
            "availability_zone_id": "euw1-az3",
            "cidr_block": "10.0.3.0/24",
            "customer_owned_ipv4_pool": "",
            "enable_dns64": false,
            "enable_lni_at_device_index": 0,
            "enable_resource_name_dns_a_record_on_launch": false,
            "enable_resource_name_dns_aaaa_record_on_launch": false,
            "id": "subnet-0246064409734ef98",
            "ipv6_cidr_block": "",
            "ipv6_cidr_block_association_id": "",
            "ipv6_native": false,
            "map_customer_owned_ip_on_launch": false,
            "map_public_ip_on_launch": false,
            "outpost_arn": "",
            "owner_id": "533267425849",
            "private_dns_hostname_type_on_launch": "ip-name",
            "tags": null,
            "tags_all": {},
            "timeouts": null,
            "vpc_id": "vpc-0c822fc1d87ef5a59"
          },
          "sensitive_attributes": [],
          "private": "eyJlMmJmYjczMC1lY2FhLTExZTYtOGY4OC0zNDM2M2JjN2M0YzAiOnsiY3JlYXRlIjo2MDAwMDAwMDAwMDAsImRlbGV0ZSI6MTIwMDAwMDAwMDAwMH0sInNjaGVtYV92ZXJzaW9uIjoiMSJ9",
          "dependencies": [
            "aws_vpc.default",
            "data.aws_availability_zones.available"
          ]
        }
      ]
    },
    {
      "mode": "managed",
      "type": "aws_vpc",
      "name": "default",
      "provider": "provider[\"registry.terraform.io/hashicorp/aws\"]",
      "instances": [
        {
          "schema_version": 1,
          "attributes": {
            "arn": "arn:aws:ec2:eu-west-1:533267425849:vpc/vpc-0c822fc1d87ef5a59",
            "assign_generated_ipv6_cidr_block": false,
            "cidr_block": "10.0.0.0/16",
            "default_network_acl_id": "acl-0c1088431fc776448",
            "default_route_table_id": "rtb-0017a0683996dc783",
            "default_security_group_id": "sg-0f7e1aab2b8f8d33e",
            "dhcp_options_id": "dopt-0fb2fb601e1203eb3",
            "enable_dns_hostnames": true,
            "enable_dns_support": true,
            "enable_network_address_usage_metrics": false,
            "id": "vpc-0c822fc1d87ef5a59",
            "instance_tenancy": "default",
            "ipv4_ipam_pool_id": null,
            "ipv4_netmask_length": null,
            "ipv6_association_id": "",
            "ipv6_cidr_block": "",
            "ipv6_cidr_block_network_border_group": "",
            "ipv6_ipam_pool_id": "",
            "ipv6_netmask_length": 0,
            "main_route_table_id": "rtb-0017a0683996dc783",
            "owner_id": "533267425849",
            "tags": null,
            "tags_all": {}
          },
          "sensitive_attributes": [],
          "private": "eyJzY2hlbWFfdmVyc2lvbiI6IjEifQ=="
        }
      ]
    },
    {
      "mode": "managed",
      "type": "local_file",
      "name": "private_key",
      "provider": "provider[\"registry.terraform.io/hashicorp/local\"]",
      "instances": [
        {
          "schema_version": 0,
          "attributes": {
            "content": "-----BEGIN RSA PRIVATE KEY-----\nMIIJKAIBAAKCAgEAsHOxHeucWqoklqIYCmBd7PUoaZKP+EnPtbjvbj0XPVmecidv\niY21IjQSP/jXctO4ZUZbBYYt9FXsnApl2KveeDGjW13G6mZY7ZYCZn2LpZe/F0zu\nA64yn9XPyqUwYjYOTo+uM/MPzLYfUUIyZNQKxbfS/lUYCB36w4eOfV3wommdBW1r\nSdH5vDsO/m9Ov9XEVy+7byrTwbAPUnB9grfNTGu2LLeI6itGUz3LMNDcTarxiK9R\nnVntlnj2lsJMPL5CChi7/6bubAvIR4JcEH63Aci/Pkk9eVpdI/AYi71RmV9OqrmM\nUE2rSoqAn/61wtfVO34PDjqyPmvXt2Yb/U9keiZqLRBGfpaQB4FjMUty0aLPzJZh\nKUTLSM6jAb9liLatG7S0OKOyaBWA40VsN1oFVMVsOuyTDxPL6Ja47mMLRichZstF\nNVHDIa+ljFrkrFOZLKXpXwLlwRkQTNrb/v1wMJis6RhF6YYOtkX5IZ4uBOOT+JIF\nmoo0YKK0aK6U8uzzdBsw2QoHOpAp0eDTrKKSggiHGpMSJQHEbsh2mpoYzzcJV5Sg\nrIMKh6OoLCgDiGvN4WktUMTAzXXspyqKWO46xKMxAvvyg0p974PBJuxU8CZVjRYc\n9DirklTTaY8QOfAkago3721T5HqjDRbHxJh9hz33hRpAftiaYR8scE8/pZUCAwEA\nAQKCAgB09/xNTUaUg31FraYqGr+ouMtVUKbHfIaIfFObzDt/m80A90tk799HESWX\n6qlHoTn3SLBF9TC5a8wxlGL3Qtdy7dTQWFXoRHhm5q4oqsjLuNAf7gtJvUwp0F6y\ngtaUBClvwqdEILg0h/Yys6McW8PYVYc0ucv4dYcp3s6CJKfDwico1ePtR5g5Qx0p\nZTfayyYgda/WfZlqJ//AMnnBEX6yTiSxd+j28kDoJWpwrcOcaNk8NpvvpxFsUjuE\nrMBE9AprDwJw8oPSc+0MGkpVVOqT8DN2Yq6xp0le7WYYHCPfe+J2IhH1mccW3sFt\nTjfHNbRQf7wTPq2x22NgW/vp65s6k2i7xGolfNcQLuxwzwKup/s6VrluDDO9AtEj\nko3X8wJOXHzFCmp633dCwjl52VH/HMTEGpWqJtiZIIJxG9VWUfXrSjdY/ehTTLCG\nHxprpge82aTrgW46e1swFGJC0P3qwiAcpvav1pjWpXV/TVBgB0/RuegBLSjx43qj\nwMw7GjQhpJ26sdUx9z/mlZ+CIfpRbXRW5Zad8QxeN2K/wUsPEjm/STwIBXMT4Pdm\nmAx3HfofJoVw4ZnSnAR5kOYFvGgg0Vs4LvhSWHOokAXv+4x0H25ZCMTS0h3fxXxD\nEnLDvg7f2LgGrFDwZNpQpCk/8sJfyxc32JJzpMNfcoAilJo2cQKCAQEAxN4WfAut\n5FRxSfwljAYtPnkXlLs5w74ElCPvkOQdfLxdRlDdV4Y2joQCqZcJRpTYPx891FCv\nqppVVAWseQG0+efB/Izcqky0/npVBnLZ7EHulcFAUb81kYSbxeyqS8zseDba7AtZ\nC5A8yJ5Y3NRsRUWuP5KxOFDlqIU4RHr+HNa3da0+rrgBsczR8zyj9fhKgavBOObD\nRHpFOd76zaKoKAKHM98pXifqeRud58BPXCOrCqw71WEGFLaLNA8K2hVj1TfPIjmH\n6K9R1svlR8ZuYNz9EIu7+slAhC4pOqg5dPf7mbWePqPrn9rUhdOVfbkQ/yGuaHFG\nejkdN9qyeoj65wKCAQEA5XPEqh2TlW0gR/gNux0tCdcVEY9Hme6MAmjIYk4pY4Fv\ngB5JLTQnGP6z6QBcYCmbbtM90slPVTCJzV5Suu3P1NWIPTobYweKnucUotxYPBen\n1vbNsI0T2jKlOnIIzRHQRvVkC7qVTYp8/PcBZwGBSQ1M1X22TmlFxqfsECf7O71x\nJUUxL/a9SRRwTbjV5PsGVho7tnB4TGWIN8azIFUm0L+TJclOhp023qHpx1/px2nt\nxJvEZmnFgb6AuAuuzEq69AoqDkgwY0G0fmo8tTHmaxxB6gCX05+ysaBeb9rrSU5u\nuYgMYLrhjmvKvIBJbs5w1tL+LTAYDtvOsxzp2zzoIwKCAQEAj8U1HHAXFTnJ5mMb\nNJBKOGaMnxTAEcBSbbF0whalpjOV1sU1cDbW3utvWlSv9Hi9GBQDvmsSbv/4srzW\nASUK+rqTA5IHkOMmBvZl46i6l3xq9bjE9S4zu8rhTAETOPo183D0HhAHfpdenJBv\niw4i59AEee7yN5N0tMZdmj1MGNmB75GOxmAg9K0E4qL1hqtGFj7NhHWaQwccSTAb\nb1OLhHScMniWKGn0JW/SuK3MBxkRT2EK7UDHBRduv50AqtWWK99vCKqFI5vto3US\nQ4GZmGmq8otpw7N3x1BC0dCK7W4ws0dcgpiJehuAux8S/FbMH9aEHUgkVRwix2iS\nkUQ6HwKCAQAPyyMrTnPdIjDJo2JWkdCKz9osZj9YchoDBHFeiuDAb6VcHTmOOfvC\n9a0uiY7SM6r2OuYTfzXNuFST5T0ujrXygWwqQril3VwGSgOani4YnMw5uK05zMwk\nBb5nwnemneZHLBbh08r5FmI6C0p2a50ZiSfTvh5xUT+zR9Ww2v+pAgYquZOEKKio\nwhZk0yct5rVt8cpQaXduUsLIjA3CWPod/kHDpRKZo3KmamCsD4cI6dqq4Mno/rjQ\nkGtNv8gdWbt6lsSETSW/f0NMPEXHdxLUJpLG55mLwH9NSKuXaWsulY57iMjJU7O4\n2OSQiwgC74TG1KkYNSpCw5B7ta7HH28fAoIBAFeT0+ocpP1F0+sD/LN/Q14BuAkK\n41OixgII1zktAig50Fn2PiPLM4QNREQrxnh9/mTR0EhL7zOJ7ZV7yB4T28fprZF8\n2xleY65C5Y7MfDGBiGTHyiz4IJ1X2DMdA9cH1pNuhWm2q/kmpCe5TKwxKH7mwyCU\ndZm4aU2wm3DR/VYnSmKQ9IdEncwx9rKGHgO1GWKdt+kOcFDeLFM6iGgBGyvFnIRu\nbGVt67ErODFKJ8YywIuNYF58RCw9H3YK4tZkaL2v0didQ1RAu9leUnnVMbiedEX3\nvwI8c++1KY/+lZSPMfsqDlod4axkigPgrq7Q0mNvDwCvhvA4M5FXEdXkXU0=\n-----END RSA PRIVATE KEY-----\n",
            "content_base64": null,
            "content_base64sha256": "tu32uFfYh9g8c3SVM6XorLMSuayUHvl8sxlTO7/R0B4=",
            "content_base64sha512": "0/MyeKeLM8716aqZHduqLcV8Ixelvu70pRFhsHteSURsbkZVqnu7d78xFE76lSBUlk62eANcJXes/LdvtZR7Rw==",
            "content_md5": "1bbc7fb9acb64cfe6e86eabcbeb8f2a7",
            "content_sha1": "ab767b0142a5e773fd340b94e7e7754116fe8833",
            "content_sha256": "b6edf6b857d887d83c73749533a5e8acb312b9ac941ef97cb319533bbfd1d01e",
            "content_sha512": "d3f33278a78b33cef5e9aa991ddbaa2dc57c2317a5beeef4a51161b07b5e49446c6e4655aa7bbb77bf31144efa952054964eb678035c2577acfcb76fb5947b47",
            "directory_permission": "0777",
            "file_permission": "0777",
            "filename": "cert.pem",
            "id": "ab767b0142a5e773fd340b94e7e7754116fe8833",
            "sensitive_content": null,
            "source": null
          },
          "sensitive_attributes": [
            [
              {
                "type": "get_attr",
                "value": "content"
              }
            ]
          ],
          "dependencies": [
            "tls_private_key.private_key"
          ]
        }
      ]
    },
    {
      "mode": "managed",
      "type": "null_resource",
      "name": "private_key_permissions",
      "provider": "provider[\"registry.terraform.io/hashicorp/null\"]",
      "instances": [
        {
          "schema_version": 0,
          "attributes": {
            "id": "4334900329024869362",
            "triggers": null
          },
          "sensitive_attributes": [],
          "dependencies": [
            "local_file.private_key",
            "tls_private_key.private_key"
          ]
        }
      ]
    },
    {
      "mode": "managed",
      "type": "tls_private_key",
      "name": "private_key",
      "provider": "provider[\"registry.terraform.io/hashicorp/tls\"]",
      "instances": [
        {
          "schema_version": 1,
          "attributes": {
            "algorithm": "RSA",
            "ecdsa_curve": "P224",
            "id": "9e4a9bbf8cbb5a1ca2425f67d78f8e78b2e76329",
            "private_key_openssh": "-----BEGIN OPENSSH PRIVATE KEY-----\nb3BlbnNzaC1rZXktdjEAAAAABG5vbmUAAAAEbm9uZQAAAAAAAAABAAACFwAAAAdz\nc2gtcnNhAAAAAwEAAQAAAgEAsHOxHeucWqoklqIYCmBd7PUoaZKP+EnPtbjvbj0X\nPVmecidviY21IjQSP/jXctO4ZUZbBYYt9FXsnApl2KveeDGjW13G6mZY7ZYCZn2L\npZe/F0zuA64yn9XPyqUwYjYOTo+uM/MPzLYfUUIyZNQKxbfS/lUYCB36w4eOfV3w\nommdBW1rSdH5vDsO/m9Ov9XEVy+7byrTwbAPUnB9grfNTGu2LLeI6itGUz3LMNDc\nTarxiK9RnVntlnj2lsJMPL5CChi7/6bubAvIR4JcEH63Aci/Pkk9eVpdI/AYi71R\nmV9OqrmMUE2rSoqAn/61wtfVO34PDjqyPmvXt2Yb/U9keiZqLRBGfpaQB4FjMUty\n0aLPzJZhKUTLSM6jAb9liLatG7S0OKOyaBWA40VsN1oFVMVsOuyTDxPL6Ja47mML\nRichZstFNVHDIa+ljFrkrFOZLKXpXwLlwRkQTNrb/v1wMJis6RhF6YYOtkX5IZ4u\nBOOT+JIFmoo0YKK0aK6U8uzzdBsw2QoHOpAp0eDTrKKSggiHGpMSJQHEbsh2mpoY\nzzcJV5SgrIMKh6OoLCgDiGvN4WktUMTAzXXspyqKWO46xKMxAvvyg0p974PBJuxU\n8CZVjRYc9DirklTTaY8QOfAkago3721T5HqjDRbHxJh9hz33hRpAftiaYR8scE8/\npZUAAAc4BdIXtgXSF7YAAAAHc3NoLXJzYQAAAgEAsHOxHeucWqoklqIYCmBd7PUo\naZKP+EnPtbjvbj0XPVmecidviY21IjQSP/jXctO4ZUZbBYYt9FXsnApl2KveeDGj\nW13G6mZY7ZYCZn2LpZe/F0zuA64yn9XPyqUwYjYOTo+uM/MPzLYfUUIyZNQKxbfS\n/lUYCB36w4eOfV3wommdBW1rSdH5vDsO/m9Ov9XEVy+7byrTwbAPUnB9grfNTGu2\nLLeI6itGUz3LMNDcTarxiK9RnVntlnj2lsJMPL5CChi7/6bubAvIR4JcEH63Aci/\nPkk9eVpdI/AYi71RmV9OqrmMUE2rSoqAn/61wtfVO34PDjqyPmvXt2Yb/U9keiZq\nLRBGfpaQB4FjMUty0aLPzJZhKUTLSM6jAb9liLatG7S0OKOyaBWA40VsN1oFVMVs\nOuyTDxPL6Ja47mMLRichZstFNVHDIa+ljFrkrFOZLKXpXwLlwRkQTNrb/v1wMJis\n6RhF6YYOtkX5IZ4uBOOT+JIFmoo0YKK0aK6U8uzzdBsw2QoHOpAp0eDTrKKSggiH\nGpMSJQHEbsh2mpoYzzcJV5SgrIMKh6OoLCgDiGvN4WktUMTAzXXspyqKWO46xKMx\nAvvyg0p974PBJuxU8CZVjRYc9DirklTTaY8QOfAkago3721T5HqjDRbHxJh9hz33\nhRpAftiaYR8scE8/pZUAAAADAQABAAACAHT3/E1NRpSDfUWtpioav6i4y1VQpsd8\nhoh8U5vMO3+bzQD3S2Tv30cRJZfqqUehOfdIsEX1MLlrzDGUYvdC13Lt1NBYVehE\neGbmriiqyMu40B/uC0m9TCnQXrKC1pQEKW/Cp0QguDSH9jKzoxxbw9hVhzS5y/h1\nhynezoIkp8PCJyjV4+1HmDlDHSllN9rLJiB1r9Z9mWon/8AyecERfrJOJLF36Pby\nQOglanCtw5xo2Tw2m++nEWxSO4SswET0CmsPAnDyg9Jz7QwaSlVU6pPwM3ZirrGn\nSV7tZhgcI9974nYiEfWZxxbewW1ON8c1tFB/vBM+rbHbY2Bb++nrmzqTaLvEaiV8\n1xAu7HDPAq6n+zpWuW4MM70C0SOSjdfzAk5cfMUKanrfd0LCOXnZUf8cxMQalaom\n2JkggnEb1VZR9etKN1j96FNMsIYfGmumB7zZpOuBbjp7WzAUYkLQ/erCIBym9q/W\nmNaldX9NUGAHT9G56AEtKPHjeqPAzDsaNCGknbqx1TH3P+aVn4Ih+lFtdFbllp3x\nDF43Yr/BSw8SOb9JPAgFcxPg92aYDHcd+h8mhXDhmdKcBHmQ5gW8aCDRWzgu+FJY\nc6iQBe/7jHQfblkIxNLSHd/FfEMScsO+Dt/YuAasUPBk2lCkKT/ywl/LFzfYknOk\nw19ygCKUmjZxAAABAFeT0+ocpP1F0+sD/LN/Q14BuAkK41OixgII1zktAig50Fn2\nPiPLM4QNREQrxnh9/mTR0EhL7zOJ7ZV7yB4T28fprZF82xleY65C5Y7MfDGBiGTH\nyiz4IJ1X2DMdA9cH1pNuhWm2q/kmpCe5TKwxKH7mwyCUdZm4aU2wm3DR/VYnSmKQ\n9IdEncwx9rKGHgO1GWKdt+kOcFDeLFM6iGgBGyvFnIRubGVt67ErODFKJ8YywIuN\nYF58RCw9H3YK4tZkaL2v0didQ1RAu9leUnnVMbiedEX3vwI8c++1KY/+lZSPMfsq\nDlod4axkigPgrq7Q0mNvDwCvhvA4M5FXEdXkXU0AAAEBAMTeFnwLreRUcUn8JYwG\nLT55F5S7OcO+BJQj75DkHXy8XUZQ3VeGNo6EAqmXCUaU2D8fPdRQr6qaVVQFrHkB\ntPnnwfyM3KpMtP56VQZy2exB7pXBQFG/NZGEm8XsqkvM7Hg22uwLWQuQPMieWNzU\nbEVFrj+SsThQ5aiFOER6/hzWt3WtPq64AbHM0fM8o/X4SoGrwTjmw0R6RTne+s2i\nqCgChzPfKV4n6nkbnefAT1wjqwqsO9VhBhS2izQPCtoVY9U3zyI5h+ivUdbL5UfG\nbmDc/RCLu/rJQIQuKTqoOXT3+5m1nj6j65/a1IXTlX25EP8hrmhxRno5HTfasnqI\n+ucAAAEBAOVzxKodk5VtIEf4DbsdLQnXFRGPR5nujAJoyGJOKWOBb4AeSS00Jxj+\ns+kAXGApm27TPdLJT1Uwic1eUrrtz9TViD06G2MHip7nFKLcWDwXp9b2zbCNE9oy\npTpyCM0R0Eb1ZAu6lU2KfPz3AWcBgUkNTNV9tk5pRcan7BAn+zu9cSVFMS/2vUkU\ncE241eT7BlYaO7ZweExliDfGsyBVJtC/kyXJToadNt6h6cdf6cdp7cSbxGZpxYG+\ngLgLrsxKuvQKKg5IMGNBtH5qPLUx5mscQeoAl9OfsrGgXm/a60lObrmIDGC64Y5r\nyryASW7OcNbS/i0wGA7bzrMc6ds86CMAAAAAAQID\n-----END OPENSSH PRIVATE KEY-----\n",
            "private_key_pem": "-----BEGIN RSA PRIVATE KEY-----\nMIIJKAIBAAKCAgEAsHOxHeucWqoklqIYCmBd7PUoaZKP+EnPtbjvbj0XPVmecidv\niY21IjQSP/jXctO4ZUZbBYYt9FXsnApl2KveeDGjW13G6mZY7ZYCZn2LpZe/F0zu\nA64yn9XPyqUwYjYOTo+uM/MPzLYfUUIyZNQKxbfS/lUYCB36w4eOfV3wommdBW1r\nSdH5vDsO/m9Ov9XEVy+7byrTwbAPUnB9grfNTGu2LLeI6itGUz3LMNDcTarxiK9R\nnVntlnj2lsJMPL5CChi7/6bubAvIR4JcEH63Aci/Pkk9eVpdI/AYi71RmV9OqrmM\nUE2rSoqAn/61wtfVO34PDjqyPmvXt2Yb/U9keiZqLRBGfpaQB4FjMUty0aLPzJZh\nKUTLSM6jAb9liLatG7S0OKOyaBWA40VsN1oFVMVsOuyTDxPL6Ja47mMLRichZstF\nNVHDIa+ljFrkrFOZLKXpXwLlwRkQTNrb/v1wMJis6RhF6YYOtkX5IZ4uBOOT+JIF\nmoo0YKK0aK6U8uzzdBsw2QoHOpAp0eDTrKKSggiHGpMSJQHEbsh2mpoYzzcJV5Sg\nrIMKh6OoLCgDiGvN4WktUMTAzXXspyqKWO46xKMxAvvyg0p974PBJuxU8CZVjRYc\n9DirklTTaY8QOfAkago3721T5HqjDRbHxJh9hz33hRpAftiaYR8scE8/pZUCAwEA\nAQKCAgB09/xNTUaUg31FraYqGr+ouMtVUKbHfIaIfFObzDt/m80A90tk799HESWX\n6qlHoTn3SLBF9TC5a8wxlGL3Qtdy7dTQWFXoRHhm5q4oqsjLuNAf7gtJvUwp0F6y\ngtaUBClvwqdEILg0h/Yys6McW8PYVYc0ucv4dYcp3s6CJKfDwico1ePtR5g5Qx0p\nZTfayyYgda/WfZlqJ//AMnnBEX6yTiSxd+j28kDoJWpwrcOcaNk8NpvvpxFsUjuE\nrMBE9AprDwJw8oPSc+0MGkpVVOqT8DN2Yq6xp0le7WYYHCPfe+J2IhH1mccW3sFt\nTjfHNbRQf7wTPq2x22NgW/vp65s6k2i7xGolfNcQLuxwzwKup/s6VrluDDO9AtEj\nko3X8wJOXHzFCmp633dCwjl52VH/HMTEGpWqJtiZIIJxG9VWUfXrSjdY/ehTTLCG\nHxprpge82aTrgW46e1swFGJC0P3qwiAcpvav1pjWpXV/TVBgB0/RuegBLSjx43qj\nwMw7GjQhpJ26sdUx9z/mlZ+CIfpRbXRW5Zad8QxeN2K/wUsPEjm/STwIBXMT4Pdm\nmAx3HfofJoVw4ZnSnAR5kOYFvGgg0Vs4LvhSWHOokAXv+4x0H25ZCMTS0h3fxXxD\nEnLDvg7f2LgGrFDwZNpQpCk/8sJfyxc32JJzpMNfcoAilJo2cQKCAQEAxN4WfAut\n5FRxSfwljAYtPnkXlLs5w74ElCPvkOQdfLxdRlDdV4Y2joQCqZcJRpTYPx891FCv\nqppVVAWseQG0+efB/Izcqky0/npVBnLZ7EHulcFAUb81kYSbxeyqS8zseDba7AtZ\nC5A8yJ5Y3NRsRUWuP5KxOFDlqIU4RHr+HNa3da0+rrgBsczR8zyj9fhKgavBOObD\nRHpFOd76zaKoKAKHM98pXifqeRud58BPXCOrCqw71WEGFLaLNA8K2hVj1TfPIjmH\n6K9R1svlR8ZuYNz9EIu7+slAhC4pOqg5dPf7mbWePqPrn9rUhdOVfbkQ/yGuaHFG\nejkdN9qyeoj65wKCAQEA5XPEqh2TlW0gR/gNux0tCdcVEY9Hme6MAmjIYk4pY4Fv\ngB5JLTQnGP6z6QBcYCmbbtM90slPVTCJzV5Suu3P1NWIPTobYweKnucUotxYPBen\n1vbNsI0T2jKlOnIIzRHQRvVkC7qVTYp8/PcBZwGBSQ1M1X22TmlFxqfsECf7O71x\nJUUxL/a9SRRwTbjV5PsGVho7tnB4TGWIN8azIFUm0L+TJclOhp023qHpx1/px2nt\nxJvEZmnFgb6AuAuuzEq69AoqDkgwY0G0fmo8tTHmaxxB6gCX05+ysaBeb9rrSU5u\nuYgMYLrhjmvKvIBJbs5w1tL+LTAYDtvOsxzp2zzoIwKCAQEAj8U1HHAXFTnJ5mMb\nNJBKOGaMnxTAEcBSbbF0whalpjOV1sU1cDbW3utvWlSv9Hi9GBQDvmsSbv/4srzW\nASUK+rqTA5IHkOMmBvZl46i6l3xq9bjE9S4zu8rhTAETOPo183D0HhAHfpdenJBv\niw4i59AEee7yN5N0tMZdmj1MGNmB75GOxmAg9K0E4qL1hqtGFj7NhHWaQwccSTAb\nb1OLhHScMniWKGn0JW/SuK3MBxkRT2EK7UDHBRduv50AqtWWK99vCKqFI5vto3US\nQ4GZmGmq8otpw7N3x1BC0dCK7W4ws0dcgpiJehuAux8S/FbMH9aEHUgkVRwix2iS\nkUQ6HwKCAQAPyyMrTnPdIjDJo2JWkdCKz9osZj9YchoDBHFeiuDAb6VcHTmOOfvC\n9a0uiY7SM6r2OuYTfzXNuFST5T0ujrXygWwqQril3VwGSgOani4YnMw5uK05zMwk\nBb5nwnemneZHLBbh08r5FmI6C0p2a50ZiSfTvh5xUT+zR9Ww2v+pAgYquZOEKKio\nwhZk0yct5rVt8cpQaXduUsLIjA3CWPod/kHDpRKZo3KmamCsD4cI6dqq4Mno/rjQ\nkGtNv8gdWbt6lsSETSW/f0NMPEXHdxLUJpLG55mLwH9NSKuXaWsulY57iMjJU7O4\n2OSQiwgC74TG1KkYNSpCw5B7ta7HH28fAoIBAFeT0+ocpP1F0+sD/LN/Q14BuAkK\n41OixgII1zktAig50Fn2PiPLM4QNREQrxnh9/mTR0EhL7zOJ7ZV7yB4T28fprZF8\n2xleY65C5Y7MfDGBiGTHyiz4IJ1X2DMdA9cH1pNuhWm2q/kmpCe5TKwxKH7mwyCU\ndZm4aU2wm3DR/VYnSmKQ9IdEncwx9rKGHgO1GWKdt+kOcFDeLFM6iGgBGyvFnIRu\nbGVt67ErODFKJ8YywIuNYF58RCw9H3YK4tZkaL2v0didQ1RAu9leUnnVMbiedEX3\nvwI8c++1KY/+lZSPMfsqDlod4axkigPgrq7Q0mNvDwCvhvA4M5FXEdXkXU0=\n-----END RSA PRIVATE KEY-----\n",
            "private_key_pem_pkcs8": "-----BEGIN PRIVATE KEY-----\nMIIJQgIBADANBgkqhkiG9w0BAQEFAASCCSwwggkoAgEAAoICAQCwc7Ed65xaqiSW\nohgKYF3s9Shpko/4Sc+1uO9uPRc9WZ5yJ2+JjbUiNBI/+Ndy07hlRlsFhi30Veyc\nCmXYq954MaNbXcbqZljtlgJmfYull78XTO4DrjKf1c/KpTBiNg5Oj64z8w/Mth9R\nQjJk1ArFt9L+VRgIHfrDh459XfCiaZ0FbWtJ0fm8Ow7+b06/1cRXL7tvKtPBsA9S\ncH2Ct81Ma7Yst4jqK0ZTPcsw0NxNqvGIr1GdWe2WePaWwkw8vkIKGLv/pu5sC8hH\nglwQfrcByL8+ST15Wl0j8BiLvVGZX06quYxQTatKioCf/rXC19U7fg8OOrI+a9e3\nZhv9T2R6JmotEEZ+lpAHgWMxS3LRos/MlmEpRMtIzqMBv2WItq0btLQ4o7JoFYDj\nRWw3WgVUxWw67JMPE8volrjuYwtGJyFmy0U1UcMhr6WMWuSsU5kspelfAuXBGRBM\n2tv+/XAwmKzpGEXphg62Rfkhni4E45P4kgWaijRgorRorpTy7PN0GzDZCgc6kCnR\n4NOsopKCCIcakxIlAcRuyHaamhjPNwlXlKCsgwqHo6gsKAOIa83haS1QxMDNdeyn\nKopY7jrEozEC+/KDSn3vg8Em7FTwJlWNFhz0OKuSVNNpjxA58CRqCjfvbVPkeqMN\nFsfEmH2HPfeFGkB+2JphHyxwTz+llQIDAQABAoICAHT3/E1NRpSDfUWtpioav6i4\ny1VQpsd8hoh8U5vMO3+bzQD3S2Tv30cRJZfqqUehOfdIsEX1MLlrzDGUYvdC13Lt\n1NBYVehEeGbmriiqyMu40B/uC0m9TCnQXrKC1pQEKW/Cp0QguDSH9jKzoxxbw9hV\nhzS5y/h1hynezoIkp8PCJyjV4+1HmDlDHSllN9rLJiB1r9Z9mWon/8AyecERfrJO\nJLF36PbyQOglanCtw5xo2Tw2m++nEWxSO4SswET0CmsPAnDyg9Jz7QwaSlVU6pPw\nM3ZirrGnSV7tZhgcI9974nYiEfWZxxbewW1ON8c1tFB/vBM+rbHbY2Bb++nrmzqT\naLvEaiV81xAu7HDPAq6n+zpWuW4MM70C0SOSjdfzAk5cfMUKanrfd0LCOXnZUf8c\nxMQalaom2JkggnEb1VZR9etKN1j96FNMsIYfGmumB7zZpOuBbjp7WzAUYkLQ/erC\nIBym9q/WmNaldX9NUGAHT9G56AEtKPHjeqPAzDsaNCGknbqx1TH3P+aVn4Ih+lFt\ndFbllp3xDF43Yr/BSw8SOb9JPAgFcxPg92aYDHcd+h8mhXDhmdKcBHmQ5gW8aCDR\nWzgu+FJYc6iQBe/7jHQfblkIxNLSHd/FfEMScsO+Dt/YuAasUPBk2lCkKT/ywl/L\nFzfYknOkw19ygCKUmjZxAoIBAQDE3hZ8C63kVHFJ/CWMBi0+eReUuznDvgSUI++Q\n5B18vF1GUN1XhjaOhAKplwlGlNg/Hz3UUK+qmlVUBax5AbT558H8jNyqTLT+elUG\nctnsQe6VwUBRvzWRhJvF7KpLzOx4NtrsC1kLkDzInljc1GxFRa4/krE4UOWohThE\nev4c1rd1rT6uuAGxzNHzPKP1+EqBq8E45sNEekU53vrNoqgoAocz3yleJ+p5G53n\nwE9cI6sKrDvVYQYUtos0DwraFWPVN88iOYfor1HWy+VHxm5g3P0Qi7v6yUCELik6\nqDl09/uZtZ4+o+uf2tSF05V9uRD/Ia5ocUZ6OR032rJ6iPrnAoIBAQDlc8SqHZOV\nbSBH+A27HS0J1xURj0eZ7owCaMhiTiljgW+AHkktNCcY/rPpAFxgKZtu0z3SyU9V\nMInNXlK67c/U1Yg9OhtjB4qe5xSi3Fg8F6fW9s2wjRPaMqU6cgjNEdBG9WQLupVN\ninz89wFnAYFJDUzVfbZOaUXGp+wQJ/s7vXElRTEv9r1JFHBNuNXk+wZWGju2cHhM\nZYg3xrMgVSbQv5MlyU6GnTbeoenHX+nHae3Em8RmacWBvoC4C67MSrr0CioOSDBj\nQbR+ajy1MeZrHEHqAJfTn7KxoF5v2utJTm65iAxguuGOa8q8gEluznDW0v4tMBgO\n286zHOnbPOgjAoIBAQCPxTUccBcVOcnmYxs0kEo4ZoyfFMARwFJtsXTCFqWmM5XW\nxTVwNtbe629aVK/0eL0YFAO+axJu//iyvNYBJQr6upMDkgeQ4yYG9mXjqLqXfGr1\nuMT1LjO7yuFMARM4+jXzcPQeEAd+l16ckG+LDiLn0AR57vI3k3S0xl2aPUwY2YHv\nkY7GYCD0rQTiovWGq0YWPs2EdZpDBxxJMBtvU4uEdJwyeJYoafQlb9K4rcwHGRFP\nYQrtQMcFF26/nQCq1ZYr328IqoUjm+2jdRJDgZmYaaryi2nDs3fHUELR0IrtbjCz\nR1yCmIl6G4C7HxL8Vswf1oQdSCRVHCLHaJKRRDofAoIBAA/LIytOc90iMMmjYlaR\n0IrP2ixmP1hyGgMEcV6K4MBvpVwdOY45+8L1rS6JjtIzqvY65hN/Nc24VJPlPS6O\ntfKBbCpCuKXdXAZKA5qeLhiczDm4rTnMzCQFvmfCd6ad5kcsFuHTyvkWYjoLSnZr\nnRmJJ9O+HnFRP7NH1bDa/6kCBiq5k4QoqKjCFmTTJy3mtW3xylBpd25SwsiMDcJY\n+h3+QcOlEpmjcqZqYKwPhwjp2qrgyej+uNCQa02/yB1Zu3qWxIRNJb9/Q0w8Rcd3\nEtQmksbnmYvAf01Iq5dpay6VjnuIyMlTs7jY5JCLCALvhMbUqRg1KkLDkHu1rscf\nbx8CggEAV5PT6hyk/UXT6wP8s39DXgG4CQrjU6LGAgjXOS0CKDnQWfY+I8szhA1E\nRCvGeH3+ZNHQSEvvM4ntlXvIHhPbx+mtkXzbGV5jrkLljsx8MYGIZMfKLPggnVfY\nMx0D1wfWk26Fabar+SakJ7lMrDEofubDIJR1mbhpTbCbcNH9VidKYpD0h0SdzDH2\nsoYeA7UZYp236Q5wUN4sUzqIaAEbK8WchG5sZW3rsSs4MUonxjLAi41gXnxELD0f\ndgri1mRova/R2J1DVEC72V5SedUxuJ50Rfe/Ajxz77Upj/6VlI8x+yoOWh3hrGSK\nA+CurtDSY28PAK+G8DgzkVcR1eRdTQ==\n-----END PRIVATE KEY-----\n",
            "public_key_fingerprint_md5": "85:d6:2b:17:b8:b6:7d:44:54:7e:15:0d:d0:e5:99:48",
            "public_key_fingerprint_sha256": "SHA256:hm+XkOXFdwHJC1njcNxcWtltlWzTJuvpVWbffWPwyi8",
            "public_key_openssh": "ssh-rsa AAAAB3NzaC1yc2EAAAADAQABAAACAQCwc7Ed65xaqiSWohgKYF3s9Shpko/4Sc+1uO9uPRc9WZ5yJ2+JjbUiNBI/+Ndy07hlRlsFhi30VeycCmXYq954MaNbXcbqZljtlgJmfYull78XTO4DrjKf1c/KpTBiNg5Oj64z8w/Mth9RQjJk1ArFt9L+VRgIHfrDh459XfCiaZ0FbWtJ0fm8Ow7+b06/1cRXL7tvKtPBsA9ScH2Ct81Ma7Yst4jqK0ZTPcsw0NxNqvGIr1GdWe2WePaWwkw8vkIKGLv/pu5sC8hHglwQfrcByL8+ST15Wl0j8BiLvVGZX06quYxQTatKioCf/rXC19U7fg8OOrI+a9e3Zhv9T2R6JmotEEZ+lpAHgWMxS3LRos/MlmEpRMtIzqMBv2WItq0btLQ4o7JoFYDjRWw3WgVUxWw67JMPE8volrjuYwtGJyFmy0U1UcMhr6WMWuSsU5kspelfAuXBGRBM2tv+/XAwmKzpGEXphg62Rfkhni4E45P4kgWaijRgorRorpTy7PN0GzDZCgc6kCnR4NOsopKCCIcakxIlAcRuyHaamhjPNwlXlKCsgwqHo6gsKAOIa83haS1QxMDNdeynKopY7jrEozEC+/KDSn3vg8Em7FTwJlWNFhz0OKuSVNNpjxA58CRqCjfvbVPkeqMNFsfEmH2HPfeFGkB+2JphHyxwTz+llQ==\n",
            "public_key_pem": "-----BEGIN PUBLIC KEY-----\nMIICIjANBgkqhkiG9w0BAQEFAAOCAg8AMIICCgKCAgEAsHOxHeucWqoklqIYCmBd\n7PUoaZKP+EnPtbjvbj0XPVmecidviY21IjQSP/jXctO4ZUZbBYYt9FXsnApl2Kve\neDGjW13G6mZY7ZYCZn2LpZe/F0zuA64yn9XPyqUwYjYOTo+uM/MPzLYfUUIyZNQK\nxbfS/lUYCB36w4eOfV3wommdBW1rSdH5vDsO/m9Ov9XEVy+7byrTwbAPUnB9grfN\nTGu2LLeI6itGUz3LMNDcTarxiK9RnVntlnj2lsJMPL5CChi7/6bubAvIR4JcEH63\nAci/Pkk9eVpdI/AYi71RmV9OqrmMUE2rSoqAn/61wtfVO34PDjqyPmvXt2Yb/U9k\neiZqLRBGfpaQB4FjMUty0aLPzJZhKUTLSM6jAb9liLatG7S0OKOyaBWA40VsN1oF\nVMVsOuyTDxPL6Ja47mMLRichZstFNVHDIa+ljFrkrFOZLKXpXwLlwRkQTNrb/v1w\nMJis6RhF6YYOtkX5IZ4uBOOT+JIFmoo0YKK0aK6U8uzzdBsw2QoHOpAp0eDTrKKS\nggiHGpMSJQHEbsh2mpoYzzcJV5SgrIMKh6OoLCgDiGvN4WktUMTAzXXspyqKWO46\nxKMxAvvyg0p974PBJuxU8CZVjRYc9DirklTTaY8QOfAkago3721T5HqjDRbHxJh9\nhz33hRpAftiaYR8scE8/pZUCAwEAAQ==\n-----END PUBLIC KEY-----\n",
            "rsa_bits": 4096
          },
          "sensitive_attributes": []
        }
      ]
    },
    {
      "module": "module.emr_serverless_spark",
      "mode": "data",
      "type": "aws_emr_release_labels",
      "name": "this",
      "provider": "provider[\"registry.terraform.io/hashicorp/aws\"]",
      "instances": [
        {
          "index_key": 0,
          "schema_version": 0,
          "attributes": {
            "filters": [
              {
                "application": "",
                "prefix": "emr-6"
              }
            ],
            "id": "emr-6.15.0,emr-6.14.0,emr-6.13.0,emr-6.12.0,emr-6.11.1,emr-6.11.0,emr-6.10.1,emr-6.10.0,emr-6.9.1,emr-6.9.0,emr-6.8.1,emr-6.8.0,emr-6.7.0,emr-6.6.0,emr-6.5.0,emr-6.4.0,emr-6.3.1,emr-6.3.0,emr-6.2.1,emr-6.2.0,emr-6.1.1,emr-6.1.0,emr-6.0.1,emr-6.0.0,emr-6.0.0-beta2",
            "release_labels": [
              "emr-6.15.0",
              "emr-6.14.0",
              "emr-6.13.0",
              "emr-6.12.0",
              "emr-6.11.1",
              "emr-6.11.0",
              "emr-6.10.1",
              "emr-6.10.0",
              "emr-6.9.1",
              "emr-6.9.0",
              "emr-6.8.1",
              "emr-6.8.0",
              "emr-6.7.0",
              "emr-6.6.0",
              "emr-6.5.0",
              "emr-6.4.0",
              "emr-6.3.1",
              "emr-6.3.0",
              "emr-6.2.1",
              "emr-6.2.0",
              "emr-6.1.1",
              "emr-6.1.0",
              "emr-6.0.1",
              "emr-6.0.0",
              "emr-6.0.0-beta2"
            ]
          },
          "sensitive_attributes": []
        }
      ]
    },
    {
      "module": "module.emr_serverless_spark",
      "mode": "managed",
      "type": "aws_emrserverless_application",
      "name": "this",
      "provider": "provider[\"registry.terraform.io/hashicorp/aws\"]",
      "instances": [
        {
          "index_key": 0,
          "schema_version": 0,
          "attributes": {
            "architecture": "X86_64",
            "arn": "arn:aws:emr-serverless:eu-west-1:533267425849:/applications/00fhjg68d78lq70p",
            "auto_start_configuration": [
              {
                "enabled": true
              }
            ],
            "auto_stop_configuration": [
              {
                "enabled": true,
                "idle_timeout_minutes": 15
              }
            ],
            "id": "00fhjg68d78lq70p",
            "image_configuration": [],
            "initial_capacity": [
              {
                "initial_capacity_config": [
                  {
                    "worker_configuration": [
                      {
                        "cpu": "2 vCPU",
                        "disk": "20 GB",
                        "memory": "10 GB"
                      }
                    ],
                    "worker_count": 2
                  }
                ],
                "initial_capacity_type": "Driver"
              },
              {
                "initial_capacity_config": [
                  {
                    "worker_configuration": [
                      {
                        "cpu": "2 vCPU",
                        "disk": "32 GB",
                        "memory": "10 GB"
                      }
                    ],
                    "worker_count": 2
                  }
                ],
                "initial_capacity_type": "Executor"
              }
            ],
            "maximum_capacity": [
              {
                "cpu": "12 vCPU",
                "disk": "400000 GB",
                "memory": "100 GB"
              }
            ],
            "name": "emr-serverless-air-quality-stream",
            "network_configuration": [
              {
                "security_group_ids": null,
                "subnet_ids": null
              }
            ],
            "release_label": "emr-6.15.0",
            "tags": {
              "terraform-aws-modules": "emr"
            },
            "tags_all": {
              "terraform-aws-modules": "emr"
            },
            "type": "spark"
          },
          "sensitive_attributes": [],
          "private": "bnVsbA==",
          "dependencies": [
            "module.emr_serverless_spark.aws_security_group.this",
            "module.emr_serverless_spark.data.aws_emr_release_labels.this",
            "module.emr_serverless_spark.data.aws_subnet.this"
          ]
        }
      ]
    }
  ],
  "check_results": null
}
